
Microsoft Visual Studio Solution File, Format Version 12.00
# Visual Studio Version 17
VisualStudioVersion = 17.5.33424.131
MinimumVisualStudioVersion = 10.0.40219.1
Project("{FAE04EC0-301F-11D3-BF4B-00C04F79EFBC}") = "leetcode", "leetcode\leetcode.csproj", "{E4CA6064-F764-469C-9C0F-256BA417CB53}"
EndProject
Global
	GlobalSection(SolutionConfigurationPlatforms) = preSolution
		Debug|Any CPU = Debug|Any CPU
		Release|Any CPU = Release|Any CPU
	EndGlobalSection
	GlobalSection(ProjectConfigurationPlatforms) = postSolution
		{E4CA6064-F764-469C-9C0F-256BA417CB53}.Debug|Any CPU.ActiveCfg = Debug|Any CPU
		{E4CA6064-F764-469C-9C0F-256BA417CB53}.Debug|Any CPU.Build.0 = Debug|Any CPU
		{E4CA6064-F764-469C-9C0F-256BA417CB53}.Release|Any CPU.ActiveCfg = Release|Any CPU
		{E4CA6064-F764-469C-9C0F-256BA417CB53}.Release|Any CPU.Build.0 = Release|Any CPU
	EndGlobalSection
	GlobalSection(SolutionProperties) = preSolution
		HideSolutionNode = FALSE
	EndGlobalSection
	GlobalSection(ExtensibilityGlobals) = postSolution
		SolutionGuid = {489DA5F2-35B0-4C31-80CE-0BB1680FA004}
	EndGlobalSection
EndGlobal
